{
  "name": "hw9",
  "version": "1.0.0",
  "lockfileVersion": 1,
  "requires": true,
  "dependencies": {
    "@types/body-parser": {
      "version": "1.16.8",
      "resolved": "https://registry.npmjs.org/@types/body-parser/-/body-parser-1.16.8.tgz",
      "integrity": "sha512-BdN2PXxOFnTXFcyONPW6t0fHjz2fvRZHVMFpaS0wYr+Y8fWEaNOs4V8LEu/fpzQlMx+ahdndgTaGTwPC+J/EeA==",
      "dev": true,
      "requires": {
        "@types/express": "4.11.1",
        "@types/node": "9.4.6"
      }
    },
    "@types/events": {
      "version": "1.1.0",
      "resolved": "https://registry.npmjs.org/@types/events/-/events-1.1.0.tgz",
      "integrity": "sha512-y3bR98mzYOo0pAZuiLari+cQyiKk3UXRuT45h1RjhfeCzqkjaVsfZJNaxdgtk7/3tzOm1ozLTqEqMP3VbI48jw==",
      "dev": true
    },
    "@types/express": {
      "version": "4.11.1",
      "resolved": "https://registry.npmjs.org/@types/express/-/express-4.11.1.tgz",
      "integrity": "sha512-ttWle8cnPA5rAelauSWeWJimtY2RsUf2aspYZs7xPHiWgOlPn6nnUfBMtrkcnjFJuIHJF4gNOdVvpLK2Zmvh6g==",
      "dev": true,
      "requires": {
        "@types/body-parser": "1.16.8",
        "@types/express-serve-static-core": "4.11.1",
        "@types/serve-static": "1.13.1"
      }
    },
    "@types/express-handlebars": {
      "version": "0.0.30",
      "resolved": "https://registry.npmjs.org/@types/express-handlebars/-/express-handlebars-0.0.30.tgz",
      "integrity": "sha512-fAsX3nJ9jhJhUzpQlb8Wm62UxrFZ58/87EPuMIt9E2unZrEPp5JhH3GdFZyRBxH4TmMoyPctIOZBqrZRj3Carg==",
      "dev": true
    },
    "@types/express-serve-static-core": {
      "version": "4.11.1",
      "resolved": "https://registry.npmjs.org/@types/express-serve-static-core/-/express-serve-static-core-4.11.1.tgz",
      "integrity": "sha512-EehCl3tpuqiM8RUb+0255M8PhhSwTtLfmO7zBBdv0ay/VTd/zmrqDfQdZFsa5z/PVMbH2yCMZPXsnrImpATyIw==",
      "dev": true,
      "requires": {
        "@types/events": "1.1.0",
        "@types/node": "9.4.6"
      }
    },
    "@types/express-session": {
      "version": "1.15.8",
      "resolved": "https://registry.npmjs.org/@types/express-session/-/express-session-1.15.8.tgz",
      "integrity": "sha512-Be5N9zul4C/IH1UjRDaVJ46wkG1jsBgJlihBdWlqJWfCaiqvaVmxcyqcLey7omSFGCTIUDgdHqf0vwNjEZOSVA==",
      "dev": true,
      "requires": {
        "@types/events": "1.1.0",
        "@types/express": "4.11.1",
        "@types/node": "9.4.6"
      }
    },
    "@types/mime": {
      "version": "2.0.0",
      "resolved": "https://registry.npmjs.org/@types/mime/-/mime-2.0.0.tgz",
      "integrity": "sha512-A2TAGbTFdBw9azHbpVd+/FkdW2T6msN1uct1O9bH3vTerEHKZhTXJUQXy+hNq1B0RagfU8U+KBdqiZpxjhOUQA==",
      "dev": true
    },
    "@types/morgan": {
      "version": "1.7.35",
      "resolved": "https://registry.npmjs.org/@types/morgan/-/morgan-1.7.35.tgz",
      "integrity": "sha512-E9qFi0seOkdlQnCTPv54brNfGWeFdRaEhI5tSue4pdx/V+xfxvMETsxXhOEcj1cYL+0n/jcTEmj/jD2gjzCwMg==",
      "dev": true,
      "requires": {
        "@types/express": "4.11.1"
      }
    },
    "@types/node": {
      "version": "9.4.6",
      "resolved": "https://registry.npmjs.org/@types/node/-/node-9.4.6.tgz",
      "integrity": "sha512-CTUtLb6WqCCgp6P59QintjHWqzf4VL1uPA27bipLAPxFqrtK1gEYllePzTICGqQ8rYsCbpnsNypXjjDzGAAjEQ==",
      "dev": true
    },
    "@types/serve-static": {
      "version": "1.13.1",
      "resolved": "https://registry.npmjs.org/@types/serve-static/-/serve-static-1.13.1.tgz",
      "integrity": "sha512-jDMH+3BQPtvqZVIcsH700Dfi8Q3MIcEx16g/VdxjoqiGR/NntekB10xdBpirMKnPe9z2C5cBmL0vte0YttOr3Q==",
      "dev": true,
      "requires": {
        "@types/express-serve-static-core": "4.11.1",
        "@types/mime": "2.0.0"
      }
    },
    "@types/session-file-store": {
      "version": "1.2.0",
      "resolved": "https://registry.npmjs.org/@types/session-file-store/-/session-file-store-1.2.0.tgz",
      "integrity": "sha512-xKVpSJXg7Xu7gbZjflsVO+FUVUDTYrRN3yUR7R4q/4e0j+IAdE1BW+CBtadM2H733iXpRudGsA3i34imV2KhoA==",
      "dev": true,
      "requires": {
        "@types/express": "4.11.1",
        "@types/express-session": "1.15.8"
      }
    },
    "bagpipe": {
      "version": "0.3.5",
      "resolved": "https://registry.npmjs.org/bagpipe/-/bagpipe-0.3.5.tgz",
      "integrity": "sha1-40HRZPyyTN8E6n4Ft2XsEMiupqE=",
      "dev": true
    },
    "fs-extra": {
      "version": "4.0.3",
      "resolved": "https://registry.npmjs.org/fs-extra/-/fs-extra-4.0.3.tgz",
      "integrity": "sha512-q6rbdDd1o2mAnQreO7YADIxf/Whx4AHBiRf6d+/cVT8h44ss+lHgxf1FemcqDnQt9X3ct4McHr+JMGlYSsK7Cg==",
      "dev": true,
      "requires": {
        "graceful-fs": "4.1.11",
        "jsonfile": "4.0.0",
        "universalify": "0.1.1"
      }
    },
    "graceful-fs": {
      "version": "4.1.11",
      "resolved": "https://registry.npmjs.org/graceful-fs/-/graceful-fs-4.1.11.tgz",
      "integrity": "sha1-Dovf5NHduIVNZOBOp8AOKgJuVlg=",
      "dev": true
    },
    "imurmurhash": {
      "version": "0.1.4",
      "resolved": "https://registry.npmjs.org/imurmurhash/-/imurmurhash-0.1.4.tgz",
      "integrity": "sha1-khi5srkoojixPcT7a21XbyMUU+o=",
      "dev": true
    },
    "jsonfile": {
      "version": "4.0.0",
      "resolved": "https://registry.npmjs.org/jsonfile/-/jsonfile-4.0.0.tgz",
      "integrity": "sha1-h3Gq4HmbZAdrdmQPygWPnBDjPss=",
      "dev": true,
      "requires": {
        "graceful-fs": "4.1.11"
      }
    },
    "object-assign": {
      "version": "4.1.1",
      "resolved": "https://registry.npmjs.org/object-assign/-/object-assign-4.1.1.tgz",
      "integrity": "sha1-IQmtx5ZYh8/AXLvUQsrIv7s2CGM=",
      "dev": true
    },
    "retry": {
      "version": "0.10.1",
      "resolved": "https://registry.npmjs.org/retry/-/retry-0.10.1.tgz",
      "integrity": "sha1-52OI0heZLCUnUCQdPTlW/tmNj/Q=",
      "dev": true
    },
    "session-file-store": {
      "version": "1.2.0",
      "resolved": "https://registry.npmjs.org/session-file-store/-/session-file-store-1.2.0.tgz",
      "integrity": "sha512-DkYLYFkkK6u9xyraVHemulhlUuuufLukf7SQxOZSx8SPwkswcaIrls882PaQZ72zRKsyhUVNxOUl9w0lQubUFw==",
      "dev": true,
      "requires": {
        "bagpipe": "0.3.5",
        "fs-extra": "4.0.3",
        "object-assign": "4.1.1",
        "retry": "0.10.1",
        "write-file-atomic": "1.3.1"
      }
    },
    "slide": {
      "version": "1.1.6",
      "resolved": "https://registry.npmjs.org/slide/-/slide-1.1.6.tgz",
      "integrity": "sha1-VusCfWW00tzmyy4tMsTUr8nh1wc=",
      "dev": true
    },
    "universalify": {
      "version": "0.1.1",
      "resolved": "https://registry.npmjs.org/universalify/-/universalify-0.1.1.tgz",
      "integrity": "sha1-+nG63UQ3r0wUiEHjs7Fl+enlkLc=",
      "dev": true
    },
    "write-file-atomic": {
      "version": "1.3.1",
      "resolved": "https://registry.npmjs.org/write-file-atomic/-/write-file-atomic-1.3.1.tgz",
      "integrity": "sha1-fUW6MjFjKN0ex9kPYOvA2EW7dZo=",
      "dev": true,
      "requires": {
        "graceful-fs": "4.1.11",
        "imurmurhash": "0.1.4",
        "slide": "1.1.6"
      }
    }
  }
}
